
Microsoft Visual Studio Solution File, Format Version 12.00
# Visual Studio Version 17
VisualStudioVersion = 17.3.32929.385
MinimumVisualStudioVersion = 10.0.40219.1
Project("{9A19103F-16F7-4668-BE54-9A1E7A4F7556}") = "NoteStash", ".\NoteStash\NoteStash.csproj", "{A2283213-C7F8-4DB8-8336-43C13F75CACB}"
EndProject
Project("{FAE04EC0-301F-11D3-BF4B-00C04F79EFBC}") = "NoteStash.Tests", ".\NoteStash.Tests\NoteStash.Tests.csproj", "{FB8CB972-AFD8-40B7-BFD3-D44B5C04DA4C}"
EndProject
Global
	GlobalSection(SolutionConfigurationPlatforms) = preSolution
		Debug|Any CPU = Debug|Any CPU
		Release|Any CPU = Release|Any CPU
	EndGlobalSection
	GlobalSection(ProjectConfigurationPlatforms) = postSolution
		{A2283213-C7F8-4DB8-8336-43C13F75CACB}.Debug|Any CPU.ActiveCfg = Debug|Any CPU
		{A2283213-C7F8-4DB8-8336-43C13F75CACB}.Debug|Any CPU.Build.0 = Debug|Any CPU
		{A2283213-C7F8-4DB8-8336-43C13F75CACB}.Release|Any CPU.ActiveCfg = Release|Any CPU
		{A2283213-C7F8-4DB8-8336-43C13F75CACB}.Release|Any CPU.Build.0 = Release|Any CPU
		{FB8CB972-AFD8-40B7-BFD3-D44B5C04DA4C}.Debug|Any CPU.ActiveCfg = Debug|Any CPU
		{FB8CB972-AFD8-40B7-BFD3-D44B5C04DA4C}.Debug|Any CPU.Build.0 = Debug|Any CPU
		{FB8CB972-AFD8-40B7-BFD3-D44B5C04DA4C}.Release|Any CPU.ActiveCfg = Release|Any CPU
		{FB8CB972-AFD8-40B7-BFD3-D44B5C04DA4C}.Release|Any CPU.Build.0 = Release|Any CPU
	EndGlobalSection
	GlobalSection(SolutionProperties) = preSolution
		HideSolutionNode = FALSE
	EndGlobalSection
	GlobalSection(ExtensibilityGlobals) = postSolution
		SolutionGuid = {049FBB04-B9F2-4EB4-9072-849E5C64142D}
	EndGlobalSection
EndGlobal
